# This file was autogenerated by Stack.
# You should not edit this file by hand.
# For more information, please see the documentation at:
#   https://docs.haskellstack.org/en/stable/lock_files

packages:
- completed:
    hackage: Win32-2.8.5.0@sha256:50c11fce7ec29c750f199eec0bc97d42e9b8ca80abfbe068c0f474a3727b60ae,4277
    pantry-tree:
      size: 5994
      sha256: 533519cb06800fba6b3609b972c220aa9c2b98b6e5ecd22fe14c27c71523685d
  original:
    hackage: Win32-2.8.5.0
snapshots:
- completed:
    size: 524789
    url: https://raw.githubusercontent.com/commercialhaskell/stackage-snapshots/master/lts/14/18.yaml
    sha256: 646be71223e08234131c6989912e6011e01b9767bc447b6d466a35e14360bdf2
  original: lts-14.18
